
Microsoft Visual Studio Solution File, Format Version 12.00
# Visual Studio Version 17
VisualStudioVersion = 17.5.33516.290
MinimumVisualStudioVersion = 10.0.40219.1
Project("{FAE04EC0-301F-11D3-BF4B-00C04F79EFBC}") = "task", "task.csproj", "{04ADF4C1-31AD-4DE4-AF17-F57AFF9C7D41}"
EndProject
Global
	GlobalSection(SolutionConfigurationPlatforms) = preSolution
		Debug|Any CPU = Debug|Any CPU
		Release|Any CPU = Release|Any CPU
	EndGlobalSection
	GlobalSection(ProjectConfigurationPlatforms) = postSolution
		{04ADF4C1-31AD-4DE4-AF17-F57AFF9C7D41}.Debug|Any CPU.ActiveCfg = Debug|Any CPU
		{04ADF4C1-31AD-4DE4-AF17-F57AFF9C7D41}.Debug|Any CPU.Build.0 = Debug|Any CPU
		{04ADF4C1-31AD-4DE4-AF17-F57AFF9C7D41}.Release|Any CPU.ActiveCfg = Release|Any CPU
		{04ADF4C1-31AD-4DE4-AF17-F57AFF9C7D41}.Release|Any CPU.Build.0 = Release|Any CPU
	EndGlobalSection
	GlobalSection(SolutionProperties) = preSolution
		HideSolutionNode = FALSE
	EndGlobalSection
	GlobalSection(ExtensibilityGlobals) = postSolution
		SolutionGuid = {C0E7EC64-778D-4F48-BA44-159BBBE4B3D9}
	EndGlobalSection
EndGlobal
